
Microsoft Visual Studio Solution File, Format Version 12.00
# Visual Studio 15
VisualStudioVersion = 15.0.28307.489
MinimumVisualStudioVersion = 10.0.40219.1
Project("{FAE04EC0-301F-11D3-BF4B-00C04F79EFBC}") = "AppVentas.Android", "AppVentas\AppVentas.Android\AppVentas.Android.csproj", "{76B2BA6D-3B5E-4867-AE59-31C6151DE69D}"
EndProject
Project("{FAE04EC0-301F-11D3-BF4B-00C04F79EFBC}") = "AppVentas.iOS", "AppVentas\AppVentas.iOS\AppVentas.iOS.csproj", "{3823111B-B9FC-40CD-B9BB-D5D7D549F1DF}"
EndProject
Project("{FAE04EC0-301F-11D3-BF4B-00C04F79EFBC}") = "AppVentas", "AppVentas\AppVentas\AppVentas.csproj", "{A01EBB0B-35E7-48E3-96C2-106D698FC035}"
EndProject
Global
	GlobalSection(SolutionConfigurationPlatforms) = preSolution
		Ad-Hoc|Any CPU = Ad-Hoc|Any CPU
		Ad-Hoc|iPhone = Ad-Hoc|iPhone
		Ad-Hoc|iPhoneSimulator = Ad-Hoc|iPhoneSimulator
		AppStore|Any CPU = AppStore|Any CPU
		AppStore|iPhone = AppStore|iPhone
		AppStore|iPhoneSimulator = AppStore|iPhoneSimulator
		Debug|Any CPU = Debug|Any CPU
		Debug|iPhone = Debug|iPhone
		Debug|iPhoneSimulator = Debug|iPhoneSimulator
		Release|Any CPU = Release|Any CPU
		Release|iPhone = Release|iPhone
		Release|iPhoneSimulator = Release|iPhoneSimulator
	EndGlobalSection
	GlobalSection(ProjectConfigurationPlatforms) = postSolution
		{76B2BA6D-3B5E-4867-AE59-31C6151DE69D}.Ad-Hoc|Any CPU.ActiveCfg = Release|Any CPU
		{76B2BA6D-3B5E-4867-AE59-31C6151DE69D}.Ad-Hoc|Any CPU.Build.0 = Release|Any CPU
		{76B2BA6D-3B5E-4867-AE59-31C6151DE69D}.Ad-Hoc|Any CPU.Deploy.0 = Release|Any CPU
		{76B2BA6D-3B5E-4867-AE59-31C6151DE69D}.Ad-Hoc|iPhone.ActiveCfg = Release|Any CPU
		{76B2BA6D-3B5E-4867-AE59-31C6151DE69D}.Ad-Hoc|iPhone.Build.0 = Release|Any CPU
		{76B2BA6D-3B5E-4867-AE59-31C6151DE69D}.Ad-Hoc|iPhone.Deploy.0 = Release|Any CPU
		{76B2BA6D-3B5E-4867-AE59-31C6151DE69D}.Ad-Hoc|iPhoneSimulator.ActiveCfg = Release|Any CPU
		{76B2BA6D-3B5E-4867-AE59-31C6151DE69D}.Ad-Hoc|iPhoneSimulator.Build.0 = Release|Any CPU
		{76B2BA6D-3B5E-4867-AE59-31C6151DE69D}.Ad-Hoc|iPhoneSimulator.Deploy.0 = Release|Any CPU
		{76B2BA6D-3B5E-4867-AE59-31C6151DE69D}.AppStore|Any CPU.ActiveCfg = Release|Any CPU
		{76B2BA6D-3B5E-4867-AE59-31C6151DE69D}.AppStore|Any CPU.Build.0 = Release|Any CPU
		{76B2BA6D-3B5E-4867-AE59-31C6151DE69D}.AppStore|Any CPU.Deploy.0 = Release|Any CPU
		{76B2BA6D-3B5E-4867-AE59-31C6151DE69D}.AppStore|iPhone.ActiveCfg = Release|Any CPU
		{76B2BA6D-3B5E-4867-AE59-31C6151DE69D}.AppStore|iPhone.Build.0 = Release|Any CPU
		{76B2BA6D-3B5E-4867-AE59-31C6151DE69D}.AppStore|iPhone.Deploy.0 = Release|Any CPU
		{76B2BA6D-3B5E-4867-AE59-31C6151DE69D}.AppStore|iPhoneSimulator.ActiveCfg = Release|Any CPU
		{76B2BA6D-3B5E-4867-AE59-31C6151DE69D}.AppStore|iPhoneSimulator.Build.0 = Release|Any CPU
		{76B2BA6D-3B5E-4867-AE59-31C6151DE69D}.AppStore|iPhoneSimulator.Deploy.0 = Release|Any CPU
		{76B2BA6D-3B5E-4867-AE59-31C6151DE69D}.Debug|Any CPU.ActiveCfg = Debug|Any CPU
		{76B2BA6D-3B5E-4867-AE59-31C6151DE69D}.Debug|Any CPU.Build.0 = Debug|Any CPU
		{76B2BA6D-3B5E-4867-AE59-31C6151DE69D}.Debug|Any CPU.Deploy.0 = Debug|Any CPU
		{76B2BA6D-3B5E-4867-AE59-31C6151DE69D}.Debug|iPhone.ActiveCfg = Debug|Any CPU
		{76B2BA6D-3B5E-4867-AE59-31C6151DE69D}.Debug|iPhone.Build.0 = Debug|Any CPU
		{76B2BA6D-3B5E-4867-AE59-31C6151DE69D}.Debug|iPhone.Deploy.0 = Debug|Any CPU
		{76B2BA6D-3B5E-4867-AE59-31C6151DE69D}.Debug|iPhoneSimulator.ActiveCfg = Debug|Any CPU
		{76B2BA6D-3B5E-4867-AE59-31C6151DE69D}.Debug|iPhoneSimulator.Build.0 = Debug|Any CPU
		{76B2BA6D-3B5E-4867-AE59-31C6151DE69D}.Debug|iPhoneSimulator.Deploy.0 = Debug|Any CPU
		{76B2BA6D-3B5E-4867-AE59-31C6151DE69D}.Release|Any CPU.ActiveCfg = Release|Any CPU
		{76B2BA6D-3B5E-4867-AE59-31C6151DE69D}.Release|Any CPU.Build.0 = Release|Any CPU
		{76B2BA6D-3B5E-4867-AE59-31C6151DE69D}.Release|Any CPU.Deploy.0 = Release|Any CPU
		{76B2BA6D-3B5E-4867-AE59-31C6151DE69D}.Release|iPhone.ActiveCfg = Release|Any CPU
		{76B2BA6D-3B5E-4867-AE59-31C6151DE69D}.Release|iPhone.Build.0 = Release|Any CPU
		{76B2BA6D-3B5E-4867-AE59-31C6151DE69D}.Release|iPhone.Deploy.0 = Release|Any CPU
		{76B2BA6D-3B5E-4867-AE59-31C6151DE69D}.Release|iPhoneSimulator.ActiveCfg = Release|Any CPU
		{76B2BA6D-3B5E-4867-AE59-31C6151DE69D}.Release|iPhoneSimulator.Build.0 = Release|Any CPU
		{76B2BA6D-3B5E-4867-AE59-31C6151DE69D}.Release|iPhoneSimulator.Deploy.0 = Release|Any CPU
		{3823111B-B9FC-40CD-B9BB-D5D7D549F1DF}.Ad-Hoc|Any CPU.ActiveCfg = Ad-Hoc|iPhone
		{3823111B-B9FC-40CD-B9BB-D5D7D549F1DF}.Ad-Hoc|Any CPU.Build.0 = Ad-Hoc|iPhone
		{3823111B-B9FC-40CD-B9BB-D5D7D549F1DF}.Ad-Hoc|Any CPU.Deploy.0 = Ad-Hoc|iPhone
		{3823111B-B9FC-40CD-B9BB-D5D7D549F1DF}.Ad-Hoc|iPhone.ActiveCfg = Ad-Hoc|iPhone
		{3823111B-B9FC-40CD-B9BB-D5D7D549F1DF}.Ad-Hoc|iPhone.Build.0 = Ad-Hoc|iPhone
		{3823111B-B9FC-40CD-B9BB-D5D7D549F1DF}.Ad-Hoc|iPhone.Deploy.0 = Ad-Hoc|iPhone
		{3823111B-B9FC-40CD-B9BB-D5D7D549F1DF}.Ad-Hoc|iPhoneSimulator.ActiveCfg = Ad-Hoc|iPhoneSimulator
		{3823111B-B9FC-40CD-B9BB-D5D7D549F1DF}.Ad-Hoc|iPhoneSimulator.Build.0 = Ad-Hoc|iPhoneSimulator
		{3823111B-B9FC-40CD-B9BB-D5D7D549F1DF}.Ad-Hoc|iPhoneSimulator.Deploy.0 = Ad-Hoc|iPhoneSimulator
		{3823111B-B9FC-40CD-B9BB-D5D7D549F1DF}.AppStore|Any CPU.ActiveCfg = AppStore|iPhone
		{3823111B-B9FC-40CD-B9BB-D5D7D549F1DF}.AppStore|Any CPU.Build.0 = AppStore|iPhone
		{3823111B-B9FC-40CD-B9BB-D5D7D549F1DF}.AppStore|Any CPU.Deploy.0 = AppStore|iPhone
		{3823111B-B9FC-40CD-B9BB-D5D7D549F1DF}.AppStore|iPhone.ActiveCfg = AppStore|iPhone
		{3823111B-B9FC-40CD-B9BB-D5D7D549F1DF}.AppStore|iPhone.Build.0 = AppStore|iPhone
		{3823111B-B9FC-40CD-B9BB-D5D7D549F1DF}.AppStore|iPhone.Deploy.0 = AppStore|iPhone
		{3823111B-B9FC-40CD-B9BB-D5D7D549F1DF}.AppStore|iPhoneSimulator.ActiveCfg = AppStore|iPhoneSimulator
		{3823111B-B9FC-40CD-B9BB-D5D7D549F1DF}.AppStore|iPhoneSimulator.Build.0 = AppStore|iPhoneSimulator
		{3823111B-B9FC-40CD-B9BB-D5D7D549F1DF}.AppStore|iPhoneSimulator.Deploy.0 = AppStore|iPhoneSimulator
		{3823111B-B9FC-40CD-B9BB-D5D7D549F1DF}.Debug|Any CPU.ActiveCfg = Debug|iPhoneSimulator
		{3823111B-B9FC-40CD-B9BB-D5D7D549F1DF}.Debug|Any CPU.Build.0 = Debug|iPhoneSimulator
		{3823111B-B9FC-40CD-B9BB-D5D7D549F1DF}.Debug|Any CPU.Deploy.0 = Debug|iPhoneSimulator
		{3823111B-B9FC-40CD-B9BB-D5D7D549F1DF}.Debug|iPhone.ActiveCfg = Debug|iPhone
		{3823111B-B9FC-40CD-B9BB-D5D7D549F1DF}.Debug|iPhone.Build.0 = Debug|iPhone
		{3823111B-B9FC-40CD-B9BB-D5D7D549F1DF}.Debug|iPhone.Deploy.0 = Debug|iPhone
		{3823111B-B9FC-40CD-B9BB-D5D7D549F1DF}.Debug|iPhoneSimulator.ActiveCfg = Debug|iPhoneSimulator
		{3823111B-B9FC-40CD-B9BB-D5D7D549F1DF}.Debug|iPhoneSimulator.Build.0 = Debug|iPhoneSimulator
		{3823111B-B9FC-40CD-B9BB-D5D7D549F1DF}.Debug|iPhoneSimulator.Deploy.0 = Debug|iPhoneSimulator
		{3823111B-B9FC-40CD-B9BB-D5D7D549F1DF}.Release|Any CPU.ActiveCfg = Release|iPhone
		{3823111B-B9FC-40CD-B9BB-D5D7D549F1DF}.Release|Any CPU.Build.0 = Release|iPhone
		{3823111B-B9FC-40CD-B9BB-D5D7D549F1DF}.Release|Any CPU.Deploy.0 = Release|iPhone
		{3823111B-B9FC-40CD-B9BB-D5D7D549F1DF}.Release|iPhone.ActiveCfg = Release|iPhone
		{3823111B-B9FC-40CD-B9BB-D5D7D549F1DF}.Release|iPhone.Build.0 = Release|iPhone
		{3823111B-B9FC-40CD-B9BB-D5D7D549F1DF}.Release|iPhone.Deploy.0 = Release|iPhone
		{3823111B-B9FC-40CD-B9BB-D5D7D549F1DF}.Release|iPhoneSimulator.ActiveCfg = Release|iPhoneSimulator
		{3823111B-B9FC-40CD-B9BB-D5D7D549F1DF}.Release|iPhoneSimulator.Build.0 = Release|iPhoneSimulator
		{3823111B-B9FC-40CD-B9BB-D5D7D549F1DF}.Release|iPhoneSimulator.Deploy.0 = Release|iPhoneSimulator
		{A01EBB0B-35E7-48E3-96C2-106D698FC035}.Ad-Hoc|Any CPU.ActiveCfg = Debug|Any CPU
		{A01EBB0B-35E7-48E3-96C2-106D698FC035}.Ad-Hoc|Any CPU.Build.0 = Debug|Any CPU
		{A01EBB0B-35E7-48E3-96C2-106D698FC035}.Ad-Hoc|Any CPU.Deploy.0 = Debug|Any CPU
		{A01EBB0B-35E7-48E3-96C2-106D698FC035}.Ad-Hoc|iPhone.ActiveCfg = Debug|Any CPU
		{A01EBB0B-35E7-48E3-96C2-106D698FC035}.Ad-Hoc|iPhone.Build.0 = Debug|Any CPU
		{A01EBB0B-35E7-48E3-96C2-106D698FC035}.Ad-Hoc|iPhone.Deploy.0 = Debug|Any CPU
		{A01EBB0B-35E7-48E3-96C2-106D698FC035}.Ad-Hoc|iPhoneSimulator.ActiveCfg = Debug|Any CPU
		{A01EBB0B-35E7-48E3-96C2-106D698FC035}.Ad-Hoc|iPhoneSimulator.Build.0 = Debug|Any CPU
		{A01EBB0B-35E7-48E3-96C2-106D698FC035}.Ad-Hoc|iPhoneSimulator.Deploy.0 = Debug|Any CPU
		{A01EBB0B-35E7-48E3-96C2-106D698FC035}.AppStore|Any CPU.ActiveCfg = Debug|Any CPU
		{A01EBB0B-35E7-48E3-96C2-106D698FC035}.AppStore|Any CPU.Build.0 = Debug|Any CPU
		{A01EBB0B-35E7-48E3-96C2-106D698FC035}.AppStore|Any CPU.Deploy.0 = Debug|Any CPU
		{A01EBB0B-35E7-48E3-96C2-106D698FC035}.AppStore|iPhone.ActiveCfg = Debug|Any CPU
		{A01EBB0B-35E7-48E3-96C2-106D698FC035}.AppStore|iPhone.Build.0 = Debug|Any CPU
		{A01EBB0B-35E7-48E3-96C2-106D698FC035}.AppStore|iPhone.Deploy.0 = Debug|Any CPU
		{A01EBB0B-35E7-48E3-96C2-106D698FC035}.AppStore|iPhoneSimulator.ActiveCfg = Debug|Any CPU
		{A01EBB0B-35E7-48E3-96C2-106D698FC035}.AppStore|iPhoneSimulator.Build.0 = Debug|Any CPU
		{A01EBB0B-35E7-48E3-96C2-106D698FC035}.AppStore|iPhoneSimulator.Deploy.0 = Debug|Any CPU
		{A01EBB0B-35E7-48E3-96C2-106D698FC035}.Debug|Any CPU.ActiveCfg = Debug|Any CPU
		{A01EBB0B-35E7-48E3-96C2-106D698FC035}.Debug|Any CPU.Build.0 = Debug|Any CPU
		{A01EBB0B-35E7-48E3-96C2-106D698FC035}.Debug|Any CPU.Deploy.0 = Debug|Any CPU
		{A01EBB0B-35E7-48E3-96C2-106D698FC035}.Debug|iPhone.ActiveCfg = Debug|Any CPU
		{A01EBB0B-35E7-48E3-96C2-106D698FC035}.Debug|iPhone.Build.0 = Debug|Any CPU
		{A01EBB0B-35E7-48E3-96C2-106D698FC035}.Debug|iPhone.Deploy.0 = Debug|Any CPU
		{A01EBB0B-35E7-48E3-96C2-106D698FC035}.Debug|iPhoneSimulator.ActiveCfg = Debug|Any CPU
		{A01EBB0B-35E7-48E3-96C2-106D698FC035}.Debug|iPhoneSimulator.Build.0 = Debug|Any CPU
		{A01EBB0B-35E7-48E3-96C2-106D698FC035}.Debug|iPhoneSimulator.Deploy.0 = Debug|Any CPU
		{A01EBB0B-35E7-48E3-96C2-106D698FC035}.Release|Any CPU.ActiveCfg = Release|Any CPU
		{A01EBB0B-35E7-48E3-96C2-106D698FC035}.Release|Any CPU.Build.0 = Release|Any CPU
		{A01EBB0B-35E7-48E3-96C2-106D698FC035}.Release|Any CPU.Deploy.0 = Release|Any CPU
		{A01EBB0B-35E7-48E3-96C2-106D698FC035}.Release|iPhone.ActiveCfg = Release|Any CPU
		{A01EBB0B-35E7-48E3-96C2-106D698FC035}.Release|iPhone.Build.0 = Release|Any CPU
		{A01EBB0B-35E7-48E3-96C2-106D698FC035}.Release|iPhone.Deploy.0 = Release|Any CPU
		{A01EBB0B-35E7-48E3-96C2-106D698FC035}.Release|iPhoneSimulator.ActiveCfg = Release|Any CPU
		{A01EBB0B-35E7-48E3-96C2-106D698FC035}.Release|iPhoneSimulator.Build.0 = Release|Any CPU
		{A01EBB0B-35E7-48E3-96C2-106D698FC035}.Release|iPhoneSimulator.Deploy.0 = Release|Any CPU
	EndGlobalSection
	GlobalSection(SolutionProperties) = preSolution
		HideSolutionNode = FALSE
	EndGlobalSection
	GlobalSection(ExtensibilityGlobals) = postSolution
		SolutionGuid = {96A7EBA2-8403-49AA-A447-4A5A12C99BC2}
	EndGlobalSection
EndGlobal
